
Microsoft Visual Studio Solution File, Format Version 12.00
# Visual Studio Version 16
VisualStudioVersion = 16.0.32510.428
MinimumVisualStudioVersion = 10.0.40219.1
Project("{FAE04EC0-301F-11D3-BF4B-00C04F79EFBC}") = "price tags", "price tags.csproj", "{C2DC2B41-CF00-4D89-81AC-FBEC18D5D2E7}"
EndProject
Global
	GlobalSection(SolutionConfigurationPlatforms) = preSolution
		Debug|Any CPU = Debug|Any CPU
		Release|Any CPU = Release|Any CPU
	EndGlobalSection
	GlobalSection(ProjectConfigurationPlatforms) = postSolution
		{C2DC2B41-CF00-4D89-81AC-FBEC18D5D2E7}.Debug|Any CPU.ActiveCfg = Debug|Any CPU
		{C2DC2B41-CF00-4D89-81AC-FBEC18D5D2E7}.Debug|Any CPU.Build.0 = Debug|Any CPU
		{C2DC2B41-CF00-4D89-81AC-FBEC18D5D2E7}.Release|Any CPU.ActiveCfg = Release|Any CPU
		{C2DC2B41-CF00-4D89-81AC-FBEC18D5D2E7}.Release|Any CPU.Build.0 = Release|Any CPU
	EndGlobalSection
	GlobalSection(SolutionProperties) = preSolution
		HideSolutionNode = FALSE
	EndGlobalSection
	GlobalSection(ExtensibilityGlobals) = postSolution
		SolutionGuid = {4BAB19AA-1C6C-4755-85D8-D3D1F4631EFB}
	EndGlobalSection
EndGlobal
